
Microsoft Visual Studio Solution File, Format Version 12.00
# Visual Studio Version 16
VisualStudioVersion = 16.0.31515.178
MinimumVisualStudioVersion = 10.0.40219.1
Project("{8BC9CEB8-8B4A-11D0-8D11-00A0C91BC942}") = "host", "host\host.vcxproj", "{A5A38228-2707-496D-93BE-EBE3727DEC24}"
EndProject
Project("{8BC9CEB8-8B4A-11D0-8D11-00A0C91BC942}") = "client", "client\client.vcxproj", "{74828842-81C0-42C8-96C5-84D666747EF9}"
EndProject
Global
	GlobalSection(SolutionConfigurationPlatforms) = preSolution
		Debug|x64 = Debug|x64
		Debug|x86 = Debug|x86
		Release|x64 = Release|x64
		Release|x86 = Release|x86
	EndGlobalSection
	GlobalSection(ProjectConfigurationPlatforms) = postSolution
		{A5A38228-2707-496D-93BE-EBE3727DEC24}.Debug|x64.ActiveCfg = Debug|x64
		{A5A38228-2707-496D-93BE-EBE3727DEC24}.Debug|x64.Build.0 = Debug|x64
		{A5A38228-2707-496D-93BE-EBE3727DEC24}.Debug|x86.ActiveCfg = Debug|Win32
		{A5A38228-2707-496D-93BE-EBE3727DEC24}.Debug|x86.Build.0 = Debug|Win32
		{A5A38228-2707-496D-93BE-EBE3727DEC24}.Release|x64.ActiveCfg = Release|x64
		{A5A38228-2707-496D-93BE-EBE3727DEC24}.Release|x64.Build.0 = Release|x64
		{A5A38228-2707-496D-93BE-EBE3727DEC24}.Release|x86.ActiveCfg = Release|Win32
		{A5A38228-2707-496D-93BE-EBE3727DEC24}.Release|x86.Build.0 = Release|Win32
		{74828842-81C0-42C8-96C5-84D666747EF9}.Debug|x64.ActiveCfg = Debug|x64
		{74828842-81C0-42C8-96C5-84D666747EF9}.Debug|x64.Build.0 = Debug|x64
		{74828842-81C0-42C8-96C5-84D666747EF9}.Debug|x86.ActiveCfg = Debug|Win32
		{74828842-81C0-42C8-96C5-84D666747EF9}.Debug|x86.Build.0 = Debug|Win32
		{74828842-81C0-42C8-96C5-84D666747EF9}.Release|x64.ActiveCfg = Release|x64
		{74828842-81C0-42C8-96C5-84D666747EF9}.Release|x64.Build.0 = Release|x64
		{74828842-81C0-42C8-96C5-84D666747EF9}.Release|x86.ActiveCfg = Release|Win32
		{74828842-81C0-42C8-96C5-84D666747EF9}.Release|x86.Build.0 = Release|Win32
	EndGlobalSection
	GlobalSection(SolutionProperties) = preSolution
		HideSolutionNode = FALSE
	EndGlobalSection
	GlobalSection(ExtensibilityGlobals) = postSolution
		SolutionGuid = {C02F9488-B16B-49FA-941F-DE703D1E5757}
	EndGlobalSection
EndGlobal
